
Microsoft Visual Studio Solution File, Format Version 12.00
# Visual Studio 15
VisualStudioVersion = 15.0.28307.168
MinimumVisualStudioVersion = 10.0.40219.1
Project("{FAE04EC0-301F-11D3-BF4B-00C04F79EFBC}") = "ESDNet", "ESDNet\ESDNet.csproj", "{3C79D947-7CC2-45E2-89A8-4755488956E4}"
EndProject
Project("{FAE04EC0-301F-11D3-BF4B-00C04F79EFBC}") = "ESDTestPlugin", "ESDTestPlugin\ESDTestPlugin.csproj", "{92BF849F-F420-4F8B-B4B8-1E2C491D1377}"
EndProject
Global
	GlobalSection(SolutionConfigurationPlatforms) = preSolution
		Debug|Any CPU = Debug|Any CPU
		Release|Any CPU = Release|Any CPU
	EndGlobalSection
	GlobalSection(ProjectConfigurationPlatforms) = postSolution
		{3C79D947-7CC2-45E2-89A8-4755488956E4}.Debug|Any CPU.ActiveCfg = Debug|Any CPU
		{3C79D947-7CC2-45E2-89A8-4755488956E4}.Debug|Any CPU.Build.0 = Debug|Any CPU
		{3C79D947-7CC2-45E2-89A8-4755488956E4}.Release|Any CPU.ActiveCfg = Release|Any CPU
		{3C79D947-7CC2-45E2-89A8-4755488956E4}.Release|Any CPU.Build.0 = Release|Any CPU
		{92BF849F-F420-4F8B-B4B8-1E2C491D1377}.Debug|Any CPU.ActiveCfg = Debug|Any CPU
		{92BF849F-F420-4F8B-B4B8-1E2C491D1377}.Debug|Any CPU.Build.0 = Debug|Any CPU
		{92BF849F-F420-4F8B-B4B8-1E2C491D1377}.Release|Any CPU.ActiveCfg = Release|Any CPU
		{92BF849F-F420-4F8B-B4B8-1E2C491D1377}.Release|Any CPU.Build.0 = Release|Any CPU
	EndGlobalSection
	GlobalSection(SolutionProperties) = preSolution
		HideSolutionNode = FALSE
	EndGlobalSection
	GlobalSection(ExtensibilityGlobals) = postSolution
		SolutionGuid = {1E3A8B7E-5631-440F-B08F-1318E45BA7B9}
	EndGlobalSection
EndGlobal
